
Microsoft Visual Studio Solution File, Format Version 12.00
# Visual Studio Version 17
VisualStudioVersion = 17.10.34916.146
MinimumVisualStudioVersion = 10.0.40219.1
Project("{FAE04EC0-301F-11D3-BF4B-00C04F79EFBC}") = "Calculator With SOLID Principles", "Calculator With SOLID Principles.csproj", "{D7CCDF13-4191-444C-A1D6-4FA2A5E1ECE9}"
EndProject
Global
	GlobalSection(SolutionConfigurationPlatforms) = preSolution
		Debug|Any CPU = Debug|Any CPU
		Release|Any CPU = Release|Any CPU
	EndGlobalSection
	GlobalSection(ProjectConfigurationPlatforms) = postSolution
		{D7CCDF13-4191-444C-A1D6-4FA2A5E1ECE9}.Debug|Any CPU.ActiveCfg = Debug|Any CPU
		{D7CCDF13-4191-444C-A1D6-4FA2A5E1ECE9}.Debug|Any CPU.Build.0 = Debug|Any CPU
		{D7CCDF13-4191-444C-A1D6-4FA2A5E1ECE9}.Release|Any CPU.ActiveCfg = Release|Any CPU
		{D7CCDF13-4191-444C-A1D6-4FA2A5E1ECE9}.Release|Any CPU.Build.0 = Release|Any CPU
	EndGlobalSection
	GlobalSection(SolutionProperties) = preSolution
		HideSolutionNode = FALSE
	EndGlobalSection
	GlobalSection(ExtensibilityGlobals) = postSolution
		SolutionGuid = {6FE1F0E6-123D-4760-AD3D-8472CAEAC493}
	EndGlobalSection
EndGlobal
